{"filter":false,"title":"Gemfile.lock","tooltip":"/recipena/Gemfile.lock","undoManager":{"mark":-1,"position":-1,"stack":[]},"ace":{"folds":[],"scrolltop":4959,"scrollleft":0,"selection":{"start":{"row":0,"column":0},"end":{"row":0,"column":0},"isBackwards":false},"options":{"guessTabSize":true,"useWrapMode":false,"wrapToView":true},"firstLineState":{"row":308,"state":"start","mode":"ace/mode/text"}},"timestamp":1620705168431,"hash":"216075cae18dd1326920bb74af679e34c9abd96b"}